
Microsoft Visual Studio Solution File, Format Version 12.00
# Visual Studio Version 17
VisualStudioVersion = 17.14.36414.22 d17.14
MinimumVisualStudioVersion = 10.0.40219.1
Project("{FAE04EC0-301F-11D3-BF4B-00C04F79EFBC}") = "AutoClicker", "AutoClicker.csproj", "{B92534F2-EBEB-4357-AD0C-DC92BC92060D}"
EndProject
Global
	GlobalSection(SolutionConfigurationPlatforms) = preSolution
		Debug|Any CPU = Debug|Any CPU
		Release|Any CPU = Release|Any CPU
	EndGlobalSection
	GlobalSection(ProjectConfigurationPlatforms) = postSolution
		{B92534F2-EBEB-4357-AD0C-DC92BC92060D}.Debug|Any CPU.ActiveCfg = Debug|Any CPU
		{B92534F2-EBEB-4357-AD0C-DC92BC92060D}.Debug|Any CPU.Build.0 = Debug|Any CPU
		{B92534F2-EBEB-4357-AD0C-DC92BC92060D}.Release|Any CPU.ActiveCfg = Release|Any CPU
		{B92534F2-EBEB-4357-AD0C-DC92BC92060D}.Release|Any CPU.Build.0 = Release|Any CPU
	EndGlobalSection
	GlobalSection(SolutionProperties) = preSolution
		HideSolutionNode = FALSE
	EndGlobalSection
	GlobalSection(ExtensibilityGlobals) = postSolution
		SolutionGuid = {09F79124-51AB-4F01-8FE2-316C160356CE}
	EndGlobalSection
EndGlobal
